// !$*UTF8*$!
{
	archiveVersion = 1;
	classes = {
	};
	objectVersion = 52;
	objects = {

/* Begin PBXBuildFile section */
		4E224BC12617D78400931617 /* CheckboxStyle.swift in Sources */ = {isa = PBXBuildFile; fileRef = 4E224BC02617D78400931617 /* CheckboxStyle.swift */; };
		4E2266CB2657138C0086A87C /* Neumorphic in Frameworks */ = {isa = PBXBuildFile; productRef = 4E2266CA2657138C0086A87C /* Neumorphic */; };
		4E35790E260956700030CEB1 /* BellSettingsView.swift in Sources */ = {isa = PBXBuildFile; fileRef = 4E35790D260956700030CEB1 /* BellSettingsView.swift */; };
		4E53ADE12608F71D00DF2A09 /* MedicationRowView.swift in Sources */ = {isa = PBXBuildFile; fileRef = 4E53ADE02608F71D00DF2A09 /* MedicationRowView.swift */; };
		4E53ADE42608F7CC00DF2A09 /* SUImagePickerView.swift in Sources */ = {isa = PBXBuildFile; fileRef = 4E53ADE32608F7CC00DF2A09 /* SUImagePickerView.swift */; };
		4E53ADE72608F81500DF2A09 /* MedicationImageView.swift in Sources */ = {isa = PBXBuildFile; fileRef = 4E53ADE62608F81500DF2A09 /* MedicationImageView.swift */; };
		4E580E6E25FEBFAE00AB4F0B /* AppDelegate.swift in Sources */ = {isa = PBXBuildFile; fileRef = 4E580E6D25FEBFAE00AB4F0B /* AppDelegate.swift */; };
		4E580E7025FEBFAE00AB4F0B /* SceneDelegate.swift in Sources */ = {isa = PBXBuildFile; fileRef = 4E580E6F25FEBFAE00AB4F0B /* SceneDelegate.swift */; };
		4E580E7225FEBFAE00AB4F0B /* ContentView.swift in Sources */ = {isa = PBXBuildFile; fileRef = 4E580E7125FEBFAE00AB4F0B /* ContentView.swift */; };
		4E580E7525FEBFAE00AB4F0B /* Rehab.xcdatamodeld in Sources */ = {isa = PBXBuildFile; fileRef = 4E580E7325FEBFAE00AB4F0B /* Rehab.xcdatamodeld */; };
		4E580E7725FEBFAF00AB4F0B /* Assets.xcassets in Resources */ = {isa = PBXBuildFile; fileRef = 4E580E7625FEBFAF00AB4F0B /* Assets.xcassets */; };
		4E580E7A25FEBFAF00AB4F0B /* Preview Assets.xcassets in Resources */ = {isa = PBXBuildFile; fileRef = 4E580E7925FEBFAF00AB4F0B /* Preview Assets.xcassets */; };
		4E580E7D25FEBFAF00AB4F0B /* LaunchScreen.storyboard in Resources */ = {isa = PBXBuildFile; fileRef = 4E580E7B25FEBFAF00AB4F0B /* LaunchScreen.storyboard */; };
		4E580E8825FEC0C300AB4F0B /* CalendarView.swift in Sources */ = {isa = PBXBuildFile; fileRef = 4E580E8725FEC0C300AB4F0B /* CalendarView.swift */; };
		4E580E8B25FEC0E900AB4F0B /* MedicationView.swift in Sources */ = {isa = PBXBuildFile; fileRef = 4E580E8A25FEC0E900AB4F0B /* MedicationView.swift */; };
		4E580E8E25FEC10600AB4F0B /* JournalView.swift in Sources */ = {isa = PBXBuildFile; fileRef = 4E580E8D25FEC10600AB4F0B /* JournalView.swift */; };
		4E580E9125FEC4B900AB4F0B /* TabBarView.swift in Sources */ = {isa = PBXBuildFile; fileRef = 4E580E9025FEC4B900AB4F0B /* TabBarView.swift */; };
		4E59E32F2625521600B042A7 /* DisclaimerView.swift in Sources */ = {isa = PBXBuildFile; fileRef = 4E59E32E2625521600B042A7 /* DisclaimerView.swift */; };
		4E65E8C3269CD995005444F2 /* SideBarView.swift in Sources */ = {isa = PBXBuildFile; fileRef = 4E65E8C2269CD995005444F2 /* SideBarView.swift */; };
		4ED388F22653530A00DC0064 /* CoreDataManager.swift in Sources */ = {isa = PBXBuildFile; fileRef = 4ED388F12653530A00DC0064 /* CoreDataManager.swift */; };
		4ED7CEB8266024520049F69A /* AgreementView.swift in Sources */ = {isa = PBXBuildFile; fileRef = 4ED7CEB7266024520049F69A /* AgreementView.swift */; };
		4ED7CEBB266025360049F69A /* AuthenticationView.swift in Sources */ = {isa = PBXBuildFile; fileRef = 4ED7CEBA266025360049F69A /* AuthenticationView.swift */; };
		4ED7CEC0266031850049F69A /* LinearGradient+Extensions.swift in Sources */ = {isa = PBXBuildFile; fileRef = 4ED7CEBF266031850049F69A /* LinearGradient+Extensions.swift */; };
		4ED7CEC3266031CF0049F69A /* Color+Extensions.swift in Sources */ = {isa = PBXBuildFile; fileRef = 4ED7CEC2266031CF0049F69A /* Color+Extensions.swift */; };
		4ED7CEC7266035C20049F69A /* UIColor+Extensions.swift in Sources */ = {isa = PBXBuildFile; fileRef = 4ED7CEC6266035C20049F69A /* UIColor+Extensions.swift */; };
		4ED7CECA266036210049F69A /* View+Extensions.swift in Sources */ = {isa = PBXBuildFile; fileRef = 4ED7CEC9266036210049F69A /* View+Extensions.swift */; };
		4ED7CECD2660390A0049F69A /* TabBarItemView.swift in Sources */ = {isa = PBXBuildFile; fileRef = 4ED7CECC2660390A0049F69A /* TabBarItemView.swift */; };
		4ED7CED026603A660049F69A /* TabBarRowView.swift in Sources */ = {isa = PBXBuildFile; fileRef = 4ED7CECF26603A660049F69A /* TabBarRowView.swift */; };
		4ED7CED326605D900049F69A /* CustomTextFieldModifier.swift in Sources */ = {isa = PBXBuildFile; fileRef = 4ED7CED226605D8F0049F69A /* CustomTextFieldModifier.swift */; };
		4EED442F2600213F002D4A15 /* AddJournalView.swift in Sources */ = {isa = PBXBuildFile; fileRef = 4EED442E2600213F002D4A15 /* AddJournalView.swift */; };
		4EED44832601756B002D4A15 /* PrimaryButtonStyle.swift in Sources */ = {isa = PBXBuildFile; fileRef = 4EED44822601756B002D4A15 /* PrimaryButtonStyle.swift */; };
		4EED448626017668002D4A15 /* SecondaryCaptionTextStyle.swift in Sources */ = {isa = PBXBuildFile; fileRef = 4EED448526017668002D4A15 /* SecondaryCaptionTextStyle.swift */; };
		4EED448E26017C36002D4A15 /* EventExtension.swift in Sources */ = {isa = PBXBuildFile; fileRef = 4EED448D26017C36002D4A15 /* EventExtension.swift */; };
		4EED449126017E42002D4A15 /* TimeIntervalExtension.swift in Sources */ = {isa = PBXBuildFile; fileRef = 4EED449026017E42002D4A15 /* TimeIntervalExtension.swift */; };
		4EED449426017EB1002D4A15 /* Notifications.swift in Sources */ = {isa = PBXBuildFile; fileRef = 4EED449326017EB1002D4A15 /* Notifications.swift */; };
		4EED449726017EFD002D4A15 /* EKCalendarExtension.swift in Sources */ = {isa = PBXBuildFile; fileRef = 4EED449626017EFD002D4A15 /* EKCalendarExtension.swift */; };
		4EED449B26017FFA002D4A15 /* EventsRepository.swift in Sources */ = {isa = PBXBuildFile; fileRef = 4EED449A26017FFA002D4A15 /* EventsRepository.swift */; };
		4EED449F26025708002D4A15 /* UIResponderCurrent.swift in Sources */ = {isa = PBXBuildFile; fileRef = 4EED449E26025708002D4A15 /* UIResponderCurrent.swift */; };
		4EED44A226025769002D4A15 /* KeyboardHeightPublisher.swift in Sources */ = {isa = PBXBuildFile; fileRef = 4EED44A126025769002D4A15 /* KeyboardHeightPublisher.swift */; };
		4EED44A52602579E002D4A15 /* KeyboardAvoidance.swift in Sources */ = {isa = PBXBuildFile; fileRef = 4EED44A42602579E002D4A15 /* KeyboardAvoidance.swift */; };
		4EED44A826025A3A002D4A15 /* GeometryGetter.swift in Sources */ = {isa = PBXBuildFile; fileRef = 4EED44A726025A3A002D4A15 /* GeometryGetter.swift */; };
		4EED44AB26025A6B002D4A15 /* KeyboardGuardian.swift in Sources */ = {isa = PBXBuildFile; fileRef = 4EED44AA26025A6B002D4A15 /* KeyboardGuardian.swift */; };
		4EED44AF26025C00002D4A15 /* CalendarChooser.swift in Sources */ = {isa = PBXBuildFile; fileRef = 4EED44AE26025C00002D4A15 /* CalendarChooser.swift */; };
		4EED44B226025CDE002D4A15 /* EventRow.swift in Sources */ = {isa = PBXBuildFile; fileRef = 4EED44B126025CDE002D4A15 /* EventRow.swift */; };
		4EED44B526025F03002D4A15 /* SelectedCalendarsList.swift in Sources */ = {isa = PBXBuildFile; fileRef = 4EED44B426025F02002D4A15 /* SelectedCalendarsList.swift */; };
		4EED44B8260261C9002D4A15 /* EventEditView.swift in Sources */ = {isa = PBXBuildFile; fileRef = 4EED44B7260261C9002D4A15 /* EventEditView.swift */; };
		4EED44C126028F14002D4A15 /* AddMedicationView.swift in Sources */ = {isa = PBXBuildFile; fileRef = 4EED44C026028F14002D4A15 /* AddMedicationView.swift */; };
/* End PBXBuildFile section */

/* Begin PBXCopyFilesBuildPhase section */
		4E35793C260A50720030CEB1 /* Embed Watch Content */ = {
			isa = PBXCopyFilesBuildPhase;
			buildActionMask = 2147483647;
			dstPath = "$(CONTENTS_FOLDER_PATH)/Watch";
			dstSubfolderSpec = 16;
			files = (
			);
			name = "Embed Watch Content";
			runOnlyForDeploymentPostprocessing = 0;
		};
		4E35795C260A543E0030CEB1 /* Embed App Extensions */ = {
			isa = PBXCopyFilesBuildPhase;
			buildActionMask = 2147483647;
			dstPath = "";
			dstSubfolderSpec = 13;
			files = (
			);
			name = "Embed App Extensions";
			runOnlyForDeploymentPostprocessing = 0;
		};
/* End PBXCopyFilesBuildPhase section */

/* Begin PBXFileReference section */
		4E224BC02617D78400931617 /* CheckboxStyle.swift */ = {isa = PBXFileReference; lastKnownFileType = sourcecode.swift; path = CheckboxStyle.swift; sourceTree = "<group>"; };
		4E35790D260956700030CEB1 /* BellSettingsView.swift */ = {isa = PBXFileReference; lastKnownFileType = sourcecode.swift; path = BellSettingsView.swift; sourceTree = "<group>"; };
		4E35794B260A543D0030CEB1 /* SwiftUI.framework */ = {isa = PBXFileReference; lastKnownFileType = wrapper.framework; name = SwiftUI.framework; path = System/Library/Frameworks/SwiftUI.framework; sourceTree = SDKROOT; };
		4E53ADE02608F71D00DF2A09 /* MedicationRowView.swift */ = {isa = PBXFileReference; lastKnownFileType = sourcecode.swift; path = MedicationRowView.swift; sourceTree = "<group>"; };
		4E53ADE32608F7CC00DF2A09 /* SUImagePickerView.swift */ = {isa = PBXFileReference; lastKnownFileType = sourcecode.swift; path = SUImagePickerView.swift; sourceTree = "<group>"; };
		4E53ADE62608F81500DF2A09 /* MedicationImageView.swift */ = {isa = PBXFileReference; lastKnownFileType = sourcecode.swift; path = MedicationImageView.swift; sourceTree = "<group>"; };
		4E580E6A25FEBFAE00AB4F0B /* Rehab.app */ = {isa = PBXFileReference; explicitFileType = wrapper.application; includeInIndex = 0; path = Rehab.app; sourceTree = BUILT_PRODUCTS_DIR; };
		4E580E6D25FEBFAE00AB4F0B /* AppDelegate.swift */ = {isa = PBXFileReference; lastKnownFileType = sourcecode.swift; path = AppDelegate.swift; sourceTree = "<group>"; };
		4E580E6F25FEBFAE00AB4F0B /* SceneDelegate.swift */ = {isa = PBXFileReference; lastKnownFileType = sourcecode.swift; path = SceneDelegate.swift; sourceTree = "<group>"; };
		4E580E7125FEBFAE00AB4F0B /* ContentView.swift */ = {isa = PBXFileReference; lastKnownFileType = sourcecode.swift; path = ContentView.swift; sourceTree = "<group>"; };
		4E580E7425FEBFAE00AB4F0B /* Rehab.xcdatamodel */ = {isa = PBXFileReference; lastKnownFileType = wrapper.xcdatamodel; path = Rehab.xcdatamodel; sourceTree = "<group>"; };
		4E580E7625FEBFAF00AB4F0B /* Assets.xcassets */ = {isa = PBXFileReference; lastKnownFileType = folder.assetcatalog; path = Assets.xcassets; sourceTree = "<group>"; };
		4E580E7925FEBFAF00AB4F0B /* Preview Assets.xcassets */ = {isa = PBXFileReference; lastKnownFileType = folder.assetcatalog; path = "Preview Assets.xcassets"; sourceTree = "<group>"; };
		4E580E7C25FEBFAF00AB4F0B /* Base */ = {isa = PBXFileReference; lastKnownFileType = file.storyboard; name = Base; path = Base.lproj/LaunchScreen.storyboard; sourceTree = "<group>"; };
		4E580E7E25FEBFAF00AB4F0B /* Info.plist */ = {isa = PBXFileReference; lastKnownFileType = text.plist.xml; path = Info.plist; sourceTree = "<group>"; };
		4E580E8725FEC0C300AB4F0B /* CalendarView.swift */ = {isa = PBXFileReference; lastKnownFileType = sourcecode.swift; path = CalendarView.swift; sourceTree = "<group>"; };
		4E580E8A25FEC0E900AB4F0B /* MedicationView.swift */ = {isa = PBXFileReference; lastKnownFileType = sourcecode.swift; path = MedicationView.swift; sourceTree = "<group>"; };
		4E580E8D25FEC10600AB4F0B /* JournalView.swift */ = {isa = PBXFileReference; lastKnownFileType = sourcecode.swift; path = JournalView.swift; sourceTree = "<group>"; };
		4E580E9025FEC4B900AB4F0B /* TabBarView.swift */ = {isa = PBXFileReference; lastKnownFileType = sourcecode.swift; path = TabBarView.swift; sourceTree = "<group>"; };
		4E59E32E2625521600B042A7 /* DisclaimerView.swift */ = {isa = PBXFileReference; lastKnownFileType = sourcecode.swift; path = DisclaimerView.swift; sourceTree = "<group>"; };
		4E65E8C2269CD995005444F2 /* SideBarView.swift */ = {isa = PBXFileReference; lastKnownFileType = sourcecode.swift; path = SideBarView.swift; sourceTree = "<group>"; };
		4ED388F12653530A00DC0064 /* CoreDataManager.swift */ = {isa = PBXFileReference; lastKnownFileType = sourcecode.swift; path = CoreDataManager.swift; sourceTree = "<group>"; };
		4ED7CEB7266024520049F69A /* AgreementView.swift */ = {isa = PBXFileReference; lastKnownFileType = sourcecode.swift; path = AgreementView.swift; sourceTree = "<group>"; };
		4ED7CEBA266025360049F69A /* AuthenticationView.swift */ = {isa = PBXFileReference; lastKnownFileType = sourcecode.swift; path = AuthenticationView.swift; sourceTree = "<group>"; };
		4ED7CEBF266031850049F69A /* LinearGradient+Extensions.swift */ = {isa = PBXFileReference; lastKnownFileType = sourcecode.swift; path = "LinearGradient+Extensions.swift"; sourceTree = "<group>"; };
		4ED7CEC2266031CF0049F69A /* Color+Extensions.swift */ = {isa = PBXFileReference; lastKnownFileType = sourcecode.swift; path = "Color+Extensions.swift"; sourceTree = "<group>"; };
		4ED7CEC6266035C20049F69A /* UIColor+Extensions.swift */ = {isa = PBXFileReference; lastKnownFileType = sourcecode.swift; path = "UIColor+Extensions.swift"; sourceTree = "<group>"; };
		4ED7CEC9266036210049F69A /* View+Extensions.swift */ = {isa = PBXFileReference; lastKnownFileType = sourcecode.swift; path = "View+Extensions.swift"; sourceTree = "<group>"; };
		4ED7CECC2660390A0049F69A /* TabBarItemView.swift */ = {isa = PBXFileReference; lastKnownFileType = sourcecode.swift; path = TabBarItemView.swift; sourceTree = "<group>"; };
		4ED7CECF26603A660049F69A /* TabBarRowView.swift */ = {isa = PBXFileReference; lastKnownFileType = sourcecode.swift; path = TabBarRowView.swift; sourceTree = "<group>"; };
		4ED7CED226605D8F0049F69A /* CustomTextFieldModifier.swift */ = {isa = PBXFileReference; lastKnownFileType = sourcecode.swift; path = CustomTextFieldModifier.swift; sourceTree = "<group>"; };
		4EED442E2600213F002D4A15 /* AddJournalView.swift */ = {isa = PBXFileReference; lastKnownFileType = sourcecode.swift; path = AddJournalView.swift; sourceTree = "<group>"; };
		4EED44822601756B002D4A15 /* PrimaryButtonStyle.swift */ = {isa = PBXFileReference; lastKnownFileType = sourcecode.swift; path = PrimaryButtonStyle.swift; sourceTree = "<group>"; };
		4EED448526017668002D4A15 /* SecondaryCaptionTextStyle.swift */ = {isa = PBXFileReference; lastKnownFileType = sourcecode.swift; path = SecondaryCaptionTextStyle.swift; sourceTree = "<group>"; };
		4EED448D26017C36002D4A15 /* EventExtension.swift */ = {isa = PBXFileReference; lastKnownFileType = sourcecode.swift; path = EventExtension.swift; sourceTree = "<group>"; };
		4EED449026017E42002D4A15 /* TimeIntervalExtension.swift */ = {isa = PBXFileReference; lastKnownFileType = sourcecode.swift; path = TimeIntervalExtension.swift; sourceTree = "<group>"; };
		4EED449326017EB1002D4A15 /* Notifications.swift */ = {isa = PBXFileReference; lastKnownFileType = sourcecode.swift; path = Notifications.swift; sourceTree = "<group>"; };
		4EED449626017EFD002D4A15 /* EKCalendarExtension.swift */ = {isa = PBXFileReference; lastKnownFileType = sourcecode.swift; path = EKCalendarExtension.swift; sourceTree = "<group>"; };
		4EED449A26017FFA002D4A15 /* EventsRepository.swift */ = {isa = PBXFileReference; lastKnownFileType = sourcecode.swift; path = EventsRepository.swift; sourceTree = "<group>"; };
		4EED449E26025708002D4A15 /* UIResponderCurrent.swift */ = {isa = PBXFileReference; lastKnownFileType = sourcecode.swift; path = UIResponderCurrent.swift; sourceTree = "<group>"; };
		4EED44A126025769002D4A15 /* KeyboardHeightPublisher.swift */ = {isa = PBXFileReference; lastKnownFileType = sourcecode.swift; path = KeyboardHeightPublisher.swift; sourceTree = "<group>"; };
		4EED44A42602579E002D4A15 /* KeyboardAvoidance.swift */ = {isa = PBXFileReference; lastKnownFileType = sourcecode.swift; path = KeyboardAvoidance.swift; sourceTree = "<group>"; };
		4EED44A726025A3A002D4A15 /* GeometryGetter.swift */ = {isa = PBXFileReference; lastKnownFileType = sourcecode.swift; path = GeometryGetter.swift; sourceTree = "<group>"; };
		4EED44AA26025A6B002D4A15 /* KeyboardGuardian.swift */ = {isa = PBXFileReference; lastKnownFileType = sourcecode.swift; path = KeyboardGuardian.swift; sourceTree = "<group>"; };
		4EED44AE26025C00002D4A15 /* CalendarChooser.swift */ = {isa = PBXFileReference; lastKnownFileType = sourcecode.swift; path = CalendarChooser.swift; sourceTree = "<group>"; };
		4EED44B126025CDE002D4A15 /* EventRow.swift */ = {isa = PBXFileReference; lastKnownFileType = sourcecode.swift; path = EventRow.swift; sourceTree = "<group>"; };
		4EED44B426025F02002D4A15 /* SelectedCalendarsList.swift */ = {isa = PBXFileReference; lastKnownFileType = sourcecode.swift; path = SelectedCalendarsList.swift; sourceTree = "<group>"; };
		4EED44B7260261C9002D4A15 /* EventEditView.swift */ = {isa = PBXFileReference; lastKnownFileType = sourcecode.swift; path = EventEditView.swift; sourceTree = "<group>"; };
		4EED44C026028F14002D4A15 /* AddMedicationView.swift */ = {isa = PBXFileReference; lastKnownFileType = sourcecode.swift; path = AddMedicationView.swift; sourceTree = "<group>"; };
/* End PBXFileReference section */

/* Begin PBXFrameworksBuildPhase section */
		4E580E6725FEBFAE00AB4F0B /* Frameworks */ = {
			isa = PBXFrameworksBuildPhase;
			buildActionMask = 2147483647;
			files = (
				4E2266CB2657138C0086A87C /* Neumorphic in Frameworks */,
			);
			runOnlyForDeploymentPostprocessing = 0;
		};
/* End PBXFrameworksBuildPhase section */

/* Begin PBXGroup section */
		4E35790C2609564E0030CEB1 /* NavigationView */ = {
			isa = PBXGroup;
			children = (
				4E580E9025FEC4B900AB4F0B /* TabBarView.swift */,
				4E35790D260956700030CEB1 /* BellSettingsView.swift */,
				4ED7CECC2660390A0049F69A /* TabBarItemView.swift */,
				4ED7CECF26603A660049F69A /* TabBarRowView.swift */,
				4E65E8C2269CD995005444F2 /* SideBarView.swift */,
			);
			path = NavigationView;
			sourceTree = "<group>";
		};
		4E357948260A543D0030CEB1 /* Frameworks */ = {
			isa = PBXGroup;
			children = (
				4E35794B260A543D0030CEB1 /* SwiftUI.framework */,
			);
			name = Frameworks;
			sourceTree = "<group>";
		};
		4E580E6125FEBFAE00AB4F0B = {
			isa = PBXGroup;
			children = (
				4E580E6C25FEBFAE00AB4F0B /* Rehab */,
				4E357948260A543D0030CEB1 /* Frameworks */,
				4E580E6B25FEBFAE00AB4F0B /* Products */,
			);
			sourceTree = "<group>";
		};
		4E580E6B25FEBFAE00AB4F0B /* Products */ = {
			isa = PBXGroup;
			children = (
				4E580E6A25FEBFAE00AB4F0B /* Rehab.app */,
			);
			name = Products;
			sourceTree = "<group>";
		};
		4E580E6C25FEBFAE00AB4F0B /* Rehab */ = {
			isa = PBXGroup;
			children = (
				4ED388F0265352F000DC0064 /* Managers */,
				4EED448126017538002D4A15 /* Styles */,
				4EED449926017FC9002D4A15 /* Helpers */,
				4EED448826017BFA002D4A15 /* Extensions */,
				4E580E9325FEC5D800AB4F0B /* App */,
				4ED388EF265351B000DC0064 /* ViewModels */,
				4E580E8525FEC08B00AB4F0B /* Views */,
				4E580E7625FEBFAF00AB4F0B /* Assets.xcassets */,
				4E580E7B25FEBFAF00AB4F0B /* LaunchScreen.storyboard */,
				4E580E7E25FEBFAF00AB4F0B /* Info.plist */,
				4E580E7325FEBFAE00AB4F0B /* Rehab.xcdatamodeld */,
				4E580E7825FEBFAF00AB4F0B /* Preview Content */,
			);
			path = Rehab;
			sourceTree = "<group>";
		};
		4E580E7825FEBFAF00AB4F0B /* Preview Content */ = {
			isa = PBXGroup;
			children = (
				4E580E7925FEBFAF00AB4F0B /* Preview Assets.xcassets */,
			);
			path = "Preview Content";
			sourceTree = "<group>";
		};
		4E580E8525FEC08B00AB4F0B /* Views */ = {
			isa = PBXGroup;
			children = (
				4E59E32D2625520100B042A7 /* Disclaimer */,
				4E580E7125FEBFAE00AB4F0B /* ContentView.swift */,
				4E35790C2609564E0030CEB1 /* NavigationView */,
				4EED447F26017503002D4A15 /* Journal Views */,
				4EED44AD26025BCB002D4A15 /* Calendar Views */,
				4EED44BE26028ED7002D4A15 /* Medication Views */,
				4ED7CEBA266025360049F69A /* AuthenticationView.swift */,
			);
			path = Views;
			sourceTree = "<group>";
		};
		4E580E9325FEC5D800AB4F0B /* App */ = {
			isa = PBXGroup;
			children = (
				4E580E6D25FEBFAE00AB4F0B /* AppDelegate.swift */,
				4E580E6F25FEBFAE00AB4F0B /* SceneDelegate.swift */,
			);
			path = App;
			sourceTree = "<group>";
		};
		4E59E32D2625520100B042A7 /* Disclaimer */ = {
			isa = PBXGroup;
			children = (
				4E59E32E2625521600B042A7 /* DisclaimerView.swift */,
				4ED7CEB7266024520049F69A /* AgreementView.swift */,
			);
			path = Disclaimer;
			sourceTree = "<group>";
		};
		4ED388EF265351B000DC0064 /* ViewModels */ = {
			isa = PBXGroup;
			children = (
			);
			path = ViewModels;
			sourceTree = "<group>";
		};
		4ED388F0265352F000DC0064 /* Managers */ = {
			isa = PBXGroup;
			children = (
				4ED388F12653530A00DC0064 /* CoreDataManager.swift */,
			);
			name = Managers;
			sourceTree = "<group>";
		};
		4EED447F26017503002D4A15 /* Journal Views */ = {
			isa = PBXGroup;
			children = (
				4E580E8D25FEC10600AB4F0B /* JournalView.swift */,
				4EED442E2600213F002D4A15 /* AddJournalView.swift */,
			);
			path = "Journal Views";
			sourceTree = "<group>";
		};
		4EED448126017538002D4A15 /* Styles */ = {
			isa = PBXGroup;
			children = (
				4EED44822601756B002D4A15 /* PrimaryButtonStyle.swift */,
				4EED448526017668002D4A15 /* SecondaryCaptionTextStyle.swift */,
				4ED7CED226605D8F0049F69A /* CustomTextFieldModifier.swift */,
			);
			path = Styles;
			sourceTree = "<group>";
		};
		4EED448826017BFA002D4A15 /* Extensions */ = {
			isa = PBXGroup;
			children = (
				4EED448D26017C36002D4A15 /* EventExtension.swift */,
				4EED449026017E42002D4A15 /* TimeIntervalExtension.swift */,
				4EED449326017EB1002D4A15 /* Notifications.swift */,
				4EED449626017EFD002D4A15 /* EKCalendarExtension.swift */,
				4EED449E26025708002D4A15 /* UIResponderCurrent.swift */,
				4EED44A126025769002D4A15 /* KeyboardHeightPublisher.swift */,
				4E224BC02617D78400931617 /* CheckboxStyle.swift */,
				4ED7CEBF266031850049F69A /* LinearGradient+Extensions.swift */,
				4ED7CEC2266031CF0049F69A /* Color+Extensions.swift */,
				4ED7CEC6266035C20049F69A /* UIColor+Extensions.swift */,
				4ED7CEC9266036210049F69A /* View+Extensions.swift */,
			);
			path = Extensions;
			sourceTree = "<group>";
		};
		4EED449926017FC9002D4A15 /* Helpers */ = {
			isa = PBXGroup;
			children = (
				4EED449A26017FFA002D4A15 /* EventsRepository.swift */,
				4EED44A42602579E002D4A15 /* KeyboardAvoidance.swift */,
				4EED44A726025A3A002D4A15 /* GeometryGetter.swift */,
				4EED44AA26025A6B002D4A15 /* KeyboardGuardian.swift */,
				4E53ADE32608F7CC00DF2A09 /* SUImagePickerView.swift */,
			);
			path = Helpers;
			sourceTree = "<group>";
		};
		4EED44AD26025BCB002D4A15 /* Calendar Views */ = {
			isa = PBXGroup;
			children = (
				4E580E8725FEC0C300AB4F0B /* CalendarView.swift */,
				4EED44AE26025C00002D4A15 /* CalendarChooser.swift */,
				4EED44B126025CDE002D4A15 /* EventRow.swift */,
				4EED44B426025F02002D4A15 /* SelectedCalendarsList.swift */,
				4EED44B7260261C9002D4A15 /* EventEditView.swift */,
			);
			path = "Calendar Views";
			sourceTree = "<group>";
		};
		4EED44BE26028ED7002D4A15 /* Medication Views */ = {
			isa = PBXGroup;
			children = (
				4E580E8A25FEC0E900AB4F0B /* MedicationView.swift */,
				4EED44C026028F14002D4A15 /* AddMedicationView.swift */,
				4E53ADE02608F71D00DF2A09 /* MedicationRowView.swift */,
				4E53ADE62608F81500DF2A09 /* MedicationImageView.swift */,
			);
			path = "Medication Views";
			sourceTree = "<group>";
		};
/* End PBXGroup section */

/* Begin PBXNativeTarget section */
		4E580E6925FEBFAE00AB4F0B /* Rehab */ = {
			isa = PBXNativeTarget;
			buildConfigurationList = 4E580E8125FEBFAF00AB4F0B /* Build configuration list for PBXNativeTarget "Rehab" */;
			buildPhases = (
				4E580E6625FEBFAE00AB4F0B /* Sources */,
				4E580E6725FEBFAE00AB4F0B /* Frameworks */,
				4E580E6825FEBFAE00AB4F0B /* Resources */,
				4E35793C260A50720030CEB1 /* Embed Watch Content */,
				4E35795C260A543E0030CEB1 /* Embed App Extensions */,
			);
			buildRules = (
			);
			dependencies = (
			);
			name = Rehab;
			packageProductDependencies = (
				4E2266CA2657138C0086A87C /* Neumorphic */,
			);
			productName = Rehab;
			productReference = 4E580E6A25FEBFAE00AB4F0B /* Rehab.app */;
			productType = "com.apple.product-type.application";
		};
/* End PBXNativeTarget section */

/* Begin PBXProject section */
		4E580E6225FEBFAE00AB4F0B /* Project object */ = {
			isa = PBXProject;
			attributes = {
				LastSwiftUpdateCheck = 1240;
				LastUpgradeCheck = 1240;
				TargetAttributes = {
					4E580E6925FEBFAE00AB4F0B = {
						CreatedOnToolsVersion = 12.4;
					};
				};
			};
			buildConfigurationList = 4E580E6525FEBFAE00AB4F0B /* Build configuration list for PBXProject "Rehab" */;
			compatibilityVersion = "Xcode 9.3";
			developmentRegion = en;
			hasScannedForEncodings = 0;
			knownRegions = (
				en,
				Base,
			);
			mainGroup = 4E580E6125FEBFAE00AB4F0B;
			packageReferences = (
				4E2266C92657138C0086A87C /* XCRemoteSwiftPackageReference "neumorphic" */,
			);
			productRefGroup = 4E580E6B25FEBFAE00AB4F0B /* Products */;
			projectDirPath = "";
			projectRoot = "";
			targets = (
				4E580E6925FEBFAE00AB4F0B /* Rehab */,
			);
		};
/* End PBXProject section */

/* Begin PBXResourcesBuildPhase section */
		4E580E6825FEBFAE00AB4F0B /* Resources */ = {
			isa = PBXResourcesBuildPhase;
			buildActionMask = 2147483647;
			files = (
				4E580E7D25FEBFAF00AB4F0B /* LaunchScreen.storyboard in Resources */,
				4E580E7A25FEBFAF00AB4F0B /* Preview Assets.xcassets in Resources */,
				4E580E7725FEBFAF00AB4F0B /* Assets.xcassets in Resources */,
			);
			runOnlyForDeploymentPostprocessing = 0;
		};
/* End PBXResourcesBuildPhase section */

/* Begin PBXSourcesBuildPhase section */
		4E580E6625FEBFAE00AB4F0B /* Sources */ = {
			isa = PBXSourcesBuildPhase;
			buildActionMask = 2147483647;
			files = (
				4E580E8825FEC0C300AB4F0B /* CalendarView.swift in Sources */,
				4ED7CED326605D900049F69A /* CustomTextFieldModifier.swift in Sources */,
				4EED448626017668002D4A15 /* SecondaryCaptionTextStyle.swift in Sources */,
				4E53ADE12608F71D00DF2A09 /* MedicationRowView.swift in Sources */,
				4EED448E26017C36002D4A15 /* EventExtension.swift in Sources */,
				4ED388F22653530A00DC0064 /* CoreDataManager.swift in Sources */,
				4EED44B8260261C9002D4A15 /* EventEditView.swift in Sources */,
				4EED44A52602579E002D4A15 /* KeyboardAvoidance.swift in Sources */,
				4E224BC12617D78400931617 /* CheckboxStyle.swift in Sources */,
				4E580E8B25FEC0E900AB4F0B /* MedicationView.swift in Sources */,
				4EED44B226025CDE002D4A15 /* EventRow.swift in Sources */,
				4E580E9125FEC4B900AB4F0B /* TabBarView.swift in Sources */,
				4E580E7525FEBFAE00AB4F0B /* Rehab.xcdatamodeld in Sources */,
				4E53ADE42608F7CC00DF2A09 /* SUImagePickerView.swift in Sources */,
				4ED7CECD2660390A0049F69A /* TabBarItemView.swift in Sources */,
				4EED449B26017FFA002D4A15 /* EventsRepository.swift in Sources */,
				4ED7CEC0266031850049F69A /* LinearGradient+Extensions.swift in Sources */,
				4ED7CEBB266025360049F69A /* AuthenticationView.swift in Sources */,
				4ED7CEC3266031CF0049F69A /* Color+Extensions.swift in Sources */,
				4ED7CEB8266024520049F69A /* AgreementView.swift in Sources */,
				4E53ADE72608F81500DF2A09 /* MedicationImageView.swift in Sources */,
				4E580E6E25FEBFAE00AB4F0B /* AppDelegate.swift in Sources */,
				4E580E8E25FEC10600AB4F0B /* JournalView.swift in Sources */,
				4E59E32F2625521600B042A7 /* DisclaimerView.swift in Sources */,
				4ED7CECA266036210049F69A /* View+Extensions.swift in Sources */,
				4EED449426017EB1002D4A15 /* Notifications.swift in Sources */,
				4EED44832601756B002D4A15 /* PrimaryButtonStyle.swift in Sources */,
				4E580E7025FEBFAE00AB4F0B /* SceneDelegate.swift in Sources */,
				4EED44C126028F14002D4A15 /* AddMedicationView.swift in Sources */,
				4EED449126017E42002D4A15 /* TimeIntervalExtension.swift in Sources */,
				4EED44A826025A3A002D4A15 /* GeometryGetter.swift in Sources */,
				4EED44B526025F03002D4A15 /* SelectedCalendarsList.swift in Sources */,
				4ED7CED026603A660049F69A /* TabBarRowView.swift in Sources */,
				4ED7CEC7266035C20049F69A /* UIColor+Extensions.swift in Sources */,
				4E65E8C3269CD995005444F2 /* SideBarView.swift in Sources */,
				4EED449F26025708002D4A15 /* UIResponderCurrent.swift in Sources */,
				4EED449726017EFD002D4A15 /* EKCalendarExtension.swift in Sources */,
				4EED44AF26025C00002D4A15 /* CalendarChooser.swift in Sources */,
				4EED442F2600213F002D4A15 /* AddJournalView.swift in Sources */,
				4E35790E260956700030CEB1 /* BellSettingsView.swift in Sources */,
				4EED44A226025769002D4A15 /* KeyboardHeightPublisher.swift in Sources */,
				4EED44AB26025A6B002D4A15 /* KeyboardGuardian.swift in Sources */,
				4E580E7225FEBFAE00AB4F0B /* ContentView.swift in Sources */,
			);
			runOnlyForDeploymentPostprocessing = 0;
		};
/* End PBXSourcesBuildPhase section */

/* Begin PBXVariantGroup section */
		4E580E7B25FEBFAF00AB4F0B /* LaunchScreen.storyboard */ = {
			isa = PBXVariantGroup;
			children = (
				4E580E7C25FEBFAF00AB4F0B /* Base */,
			);
			name = LaunchScreen.storyboard;
			sourceTree = "<group>";
		};
/* End PBXVariantGroup section */

/* Begin XCBuildConfiguration section */
		4E580E7F25FEBFAF00AB4F0B /* Debug */ = {
			isa = XCBuildConfiguration;
			buildSettings = {
				ALWAYS_SEARCH_USER_PATHS = NO;
				CLANG_ANALYZER_NONNULL = YES;
				CLANG_ANALYZER_NUMBER_OBJECT_CONVERSION = YES_AGGRESSIVE;
				CLANG_CXX_LANGUAGE_STANDARD = "gnu++14";
				CLANG_CXX_LIBRARY = "libc++";
				CLANG_ENABLE_MODULES = YES;
				CLANG_ENABLE_OBJC_ARC = YES;
				CLANG_ENABLE_OBJC_WEAK = YES;
				CLANG_WARN_BLOCK_CAPTURE_AUTORELEASING = YES;
				CLANG_WARN_BOOL_CONVERSION = YES;
				CLANG_WARN_COMMA = YES;
				CLANG_WARN_CONSTANT_CONVERSION = YES;
				CLANG_WARN_DEPRECATED_OBJC_IMPLEMENTATIONS = YES;
				CLANG_WARN_DIRECT_OBJC_ISA_USAGE = YES_ERROR;
				CLANG_WARN_DOCUMENTATION_COMMENTS = YES;
				CLANG_WARN_EMPTY_BODY = YES;
				CLANG_WARN_ENUM_CONVERSION = YES;
				CLANG_WARN_INFINITE_RECURSION = YES;
				CLANG_WARN_INT_CONVERSION = YES;
				CLANG_WARN_NON_LITERAL_NULL_CONVERSION = YES;
				CLANG_WARN_OBJC_IMPLICIT_RETAIN_SELF = YES;
				CLANG_WARN_OBJC_LITERAL_CONVERSION = YES;
				CLANG_WARN_OBJC_ROOT_CLASS = YES_ERROR;
				CLANG_WARN_QUOTED_INCLUDE_IN_FRAMEWORK_HEADER = YES;
				CLANG_WARN_RANGE_LOOP_ANALYSIS = YES;
				CLANG_WARN_STRICT_PROTOTYPES = YES;
				CLANG_WARN_SUSPICIOUS_MOVE = YES;
				CLANG_WARN_UNGUARDED_AVAILABILITY = YES_AGGRESSIVE;
				CLANG_WARN_UNREACHABLE_CODE = YES;
				CLANG_WARN__DUPLICATE_METHOD_MATCH = YES;
				COPY_PHASE_STRIP = NO;
				DEBUG_INFORMATION_FORMAT = dwarf;
				ENABLE_STRICT_OBJC_MSGSEND = YES;
				ENABLE_TESTABILITY = YES;
				GCC_C_LANGUAGE_STANDARD = gnu11;
				GCC_DYNAMIC_NO_PIC = NO;
				GCC_NO_COMMON_BLOCKS = YES;
				GCC_OPTIMIZATION_LEVEL = 0;
				GCC_PREPROCESSOR_DEFINITIONS = (
					"DEBUG=1",
					"$(inherited)",
				);
				GCC_WARN_64_TO_32_BIT_CONVERSION = YES;
				GCC_WARN_ABOUT_RETURN_TYPE = YES_ERROR;
				GCC_WARN_UNDECLARED_SELECTOR = YES;
				GCC_WARN_UNINITIALIZED_AUTOS = YES_AGGRESSIVE;
				GCC_WARN_UNUSED_FUNCTION = YES;
				GCC_WARN_UNUSED_VARIABLE = YES;
				IPHONEOS_DEPLOYMENT_TARGET = 14.2;
				MTL_ENABLE_DEBUG_INFO = INCLUDE_SOURCE;
				MTL_FAST_MATH = YES;
				ONLY_ACTIVE_ARCH = YES;
				SDKROOT = iphoneos;
				SWIFT_ACTIVE_COMPILATION_CONDITIONS = DEBUG;
				SWIFT_OPTIMIZATION_LEVEL = "-Onone";
			};
			name = Debug;
		};
		4E580E8025FEBFAF00AB4F0B /* Release */ = {
			isa = XCBuildConfiguration;
			buildSettings = {
				ALWAYS_SEARCH_USER_PATHS = NO;
				CLANG_ANALYZER_NONNULL = YES;
				CLANG_ANALYZER_NUMBER_OBJECT_CONVERSION = YES_AGGRESSIVE;
				CLANG_CXX_LANGUAGE_STANDARD = "gnu++14";
				CLANG_CXX_LIBRARY = "libc++";
				CLANG_ENABLE_MODULES = YES;
				CLANG_ENABLE_OBJC_ARC = YES;
				CLANG_ENABLE_OBJC_WEAK = YES;
				CLANG_WARN_BLOCK_CAPTURE_AUTORELEASING = YES;
				CLANG_WARN_BOOL_CONVERSION = YES;
				CLANG_WARN_COMMA = YES;
				CLANG_WARN_CONSTANT_CONVERSION = YES;
				CLANG_WARN_DEPRECATED_OBJC_IMPLEMENTATIONS = YES;
				CLANG_WARN_DIRECT_OBJC_ISA_USAGE = YES_ERROR;
				CLANG_WARN_DOCUMENTATION_COMMENTS = YES;
				CLANG_WARN_EMPTY_BODY = YES;
				CLANG_WARN_ENUM_CONVERSION = YES;
				CLANG_WARN_INFINITE_RECURSION = YES;
				CLANG_WARN_INT_CONVERSION = YES;
				CLANG_WARN_NON_LITERAL_NULL_CONVERSION = YES;
				CLANG_WARN_OBJC_IMPLICIT_RETAIN_SELF = YES;
				CLANG_WARN_OBJC_LITERAL_CONVERSION = YES;
				CLANG_WARN_OBJC_ROOT_CLASS = YES_ERROR;
				CLANG_WARN_QUOTED_INCLUDE_IN_FRAMEWORK_HEADER = YES;
				CLANG_WARN_RANGE_LOOP_ANALYSIS = YES;
				CLANG_WARN_STRICT_PROTOTYPES = YES;
				CLANG_WARN_SUSPICIOUS_MOVE = YES;
				CLANG_WARN_UNGUARDED_AVAILABILITY = YES_AGGRESSIVE;
				CLANG_WARN_UNREACHABLE_CODE = YES;
				CLANG_WARN__DUPLICATE_METHOD_MATCH = YES;
				COPY_PHASE_STRIP = NO;
				DEBUG_INFORMATION_FORMAT = "dwarf-with-dsym";
				ENABLE_NS_ASSERTIONS = NO;
				ENABLE_STRICT_OBJC_MSGSEND = YES;
				GCC_C_LANGUAGE_STANDARD = gnu11;
				GCC_NO_COMMON_BLOCKS = YES;
				GCC_WARN_64_TO_32_BIT_CONVERSION = YES;
				GCC_WARN_ABOUT_RETURN_TYPE = YES_ERROR;
				GCC_WARN_UNDECLARED_SELECTOR = YES;
				GCC_WARN_UNINITIALIZED_AUTOS = YES_AGGRESSIVE;
				GCC_WARN_UNUSED_FUNCTION = YES;
				GCC_WARN_UNUSED_VARIABLE = YES;
				IPHONEOS_DEPLOYMENT_TARGET = 14.2;
				MTL_ENABLE_DEBUG_INFO = NO;
				MTL_FAST_MATH = YES;
				SDKROOT = iphoneos;
				SWIFT_COMPILATION_MODE = wholemodule;
				SWIFT_OPTIMIZATION_LEVEL = "-O";
				VALIDATE_PRODUCT = YES;
			};
			name = Release;
		};
		4E580E8225FEBFAF00AB4F0B /* Debug */ = {
			isa = XCBuildConfiguration;
			buildSettings = {
				ALWAYS_EMBED_SWIFT_STANDARD_LIBRARIES = YES;
				ASSETCATALOG_COMPILER_APPICON_NAME = AppIcon;
				ASSETCATALOG_COMPILER_GLOBAL_ACCENT_COLOR_NAME = AccentColor;
				CODE_SIGN_STYLE = Automatic;
				CURRENT_PROJECT_VERSION = 1;
				DEVELOPMENT_ASSET_PATHS = "\"Rehab/Preview Content\"";
				DEVELOPMENT_TEAM = 58XKH6936U;
				ENABLE_PREVIEWS = YES;
				INFOPLIST_FILE = Rehab/Info.plist;
				LD_RUNPATH_SEARCH_PATHS = (
					"$(inherited)",
					"@executable_path/Frameworks",
				);
				MARKETING_VERSION = 1.0.1;
				PRODUCT_BUNDLE_IDENTIFIER = com.pompouscatstudios.Rehab;
				PRODUCT_NAME = "$(TARGET_NAME)";
				SWIFT_VERSION = 5.0;
				TARGETED_DEVICE_FAMILY = 1;
			};
			name = Debug;
		};
		4E580E8325FEBFAF00AB4F0B /* Release */ = {
			isa = XCBuildConfiguration;
			buildSettings = {
				ALWAYS_EMBED_SWIFT_STANDARD_LIBRARIES = YES;
				ASSETCATALOG_COMPILER_APPICON_NAME = AppIcon;
				ASSETCATALOG_COMPILER_GLOBAL_ACCENT_COLOR_NAME = AccentColor;
				CODE_SIGN_STYLE = Automatic;
				CURRENT_PROJECT_VERSION = 1;
				DEVELOPMENT_ASSET_PATHS = "\"Rehab/Preview Content\"";
				DEVELOPMENT_TEAM = 58XKH6936U;
				ENABLE_PREVIEWS = YES;
				INFOPLIST_FILE = Rehab/Info.plist;
				LD_RUNPATH_SEARCH_PATHS = (
					"$(inherited)",
					"@executable_path/Frameworks",
				);
				MARKETING_VERSION = 1.0.1;
				PRODUCT_BUNDLE_IDENTIFIER = com.pompouscatstudios.Rehab;
				PRODUCT_NAME = "$(TARGET_NAME)";
				SWIFT_VERSION = 5.0;
				TARGETED_DEVICE_FAMILY = 1;
			};
			name = Release;
		};
/* End XCBuildConfiguration section */

/* Begin XCConfigurationList section */
		4E580E6525FEBFAE00AB4F0B /* Build configuration list for PBXProject "Rehab" */ = {
			isa = XCConfigurationList;
			buildConfigurations = (
				4E580E7F25FEBFAF00AB4F0B /* Debug */,
				4E580E8025FEBFAF00AB4F0B /* Release */,
			);
			defaultConfigurationIsVisible = 0;
			defaultConfigurationName = Release;
		};
		4E580E8125FEBFAF00AB4F0B /* Build configuration list for PBXNativeTarget "Rehab" */ = {
			isa = XCConfigurationList;
			buildConfigurations = (
				4E580E8225FEBFAF00AB4F0B /* Debug */,
				4E580E8325FEBFAF00AB4F0B /* Release */,
			);
			defaultConfigurationIsVisible = 0;
			defaultConfigurationName = Release;
		};
/* End XCConfigurationList section */

/* Begin XCRemoteSwiftPackageReference section */
		4E2266C92657138C0086A87C /* XCRemoteSwiftPackageReference "neumorphic" */ = {
			isa = XCRemoteSwiftPackageReference;
			repositoryURL = "https://github.com/costachung/neumorphic/";
			requirement = {
				kind = upToNextMajorVersion;
				minimumVersion = 2.0.5;
			};
		};
/* End XCRemoteSwiftPackageReference section */

/* Begin XCSwiftPackageProductDependency section */
		4E2266CA2657138C0086A87C /* Neumorphic */ = {
			isa = XCSwiftPackageProductDependency;
			package = 4E2266C92657138C0086A87C /* XCRemoteSwiftPackageReference "neumorphic" */;
			productName = Neumorphic;
		};
/* End XCSwiftPackageProductDependency section */

/* Begin XCVersionGroup section */
		4E580E7325FEBFAE00AB4F0B /* Rehab.xcdatamodeld */ = {
			isa = XCVersionGroup;
			children = (
				4E580E7425FEBFAE00AB4F0B /* Rehab.xcdatamodel */,
			);
			currentVersion = 4E580E7425FEBFAE00AB4F0B /* Rehab.xcdatamodel */;
			path = Rehab.xcdatamodeld;
			sourceTree = "<group>";
			versionGroupType = wrapper.xcdatamodel;
		};
/* End XCVersionGroup section */
	};
	rootObject = 4E580E6225FEBFAE00AB4F0B /* Project object */;
}
